
Microsoft Visual Studio Solution File, Format Version 12.00
# Visual Studio Version 17
VisualStudioVersion = 17.9.34723.18
MinimumVisualStudioVersion = 10.0.40219.1
Project("{9A19103F-16F7-4668-BE54-9A1E7A4F7556}") = "Decorator", "Decorator\Decorator.csproj", "{D9269E66-CAA5-41C2-B2F4-335AE3B7A23A}"
EndProject
Project("{2150E333-8FDC-42A3-9474-1A3956D46DE8}") = "DecoratorPattern", "DecoratorPattern", "{474B5F8C-4425-48DC-B694-A1A8B8C5269A}"
EndProject
Project("{2150E333-8FDC-42A3-9474-1A3956D46DE8}") = "FacadePattern", "FacadePattern", "{FD16B579-7905-482D-8962-EF0F6CAF6060}"
EndProject
Project("{FAE04EC0-301F-11D3-BF4B-00C04F79EFBC}") = "Facade", "Facade\Facade.csproj", "{2D31B5CA-5A3A-48BA-8CBB-F1683CD7FD44}"
EndProject
Project("{FAE04EC0-301F-11D3-BF4B-00C04F79EFBC}") = "Facade_Asp.Net_Core", "Facade_Asp.Net_Core\Facade_Asp.Net_Core.csproj", "{648CE391-9887-4902-824A-9005D6A3A27F}"
EndProject
Project("{2150E333-8FDC-42A3-9474-1A3956D46DE8}") = "DotNetCore", "DotNetCore", "{2708E55A-124A-4776-856B-7B2DA1F09DC5}"
EndProject
Project("{2150E333-8FDC-42A3-9474-1A3956D46DE8}") = "DotNetCore", "DotNetCore", "{63FC49E7-F262-4C75-87A0-023E8BFD3CCD}"
EndProject
Project("{FAE04EC0-301F-11D3-BF4B-00C04F79EFBC}") = "Facade.Application", "Facade.Application\Facade.Application.csproj", "{90BD5097-1A69-4A1A-A1C1-2B7FA8D52E4E}"
EndProject
Project("{2150E333-8FDC-42A3-9474-1A3956D46DE8}") = "Core", "Core", "{9C47C03C-57F5-4E58-A37C-0FDA129B0EBF}"
EndProject
Project("{2150E333-8FDC-42A3-9474-1A3956D46DE8}") = "ServiceHost", "ServiceHost", "{6591DEA7-6249-4921-8752-EAA055F959BA}"
EndProject
Project("{FAE04EC0-301F-11D3-BF4B-00C04F79EFBC}") = "FacadeLayer", "FacadeLayer\FacadeLayer.csproj", "{01D3F4E0-1FAC-42F8-B99F-9D39009C3001}"
EndProject
Global
	GlobalSection(SolutionConfigurationPlatforms) = preSolution
		Debug|Any CPU = Debug|Any CPU
		Release|Any CPU = Release|Any CPU
	EndGlobalSection
	GlobalSection(ProjectConfigurationPlatforms) = postSolution
		{D9269E66-CAA5-41C2-B2F4-335AE3B7A23A}.Debug|Any CPU.ActiveCfg = Debug|Any CPU
		{D9269E66-CAA5-41C2-B2F4-335AE3B7A23A}.Debug|Any CPU.Build.0 = Debug|Any CPU
		{D9269E66-CAA5-41C2-B2F4-335AE3B7A23A}.Release|Any CPU.ActiveCfg = Release|Any CPU
		{D9269E66-CAA5-41C2-B2F4-335AE3B7A23A}.Release|Any CPU.Build.0 = Release|Any CPU
		{2D31B5CA-5A3A-48BA-8CBB-F1683CD7FD44}.Debug|Any CPU.ActiveCfg = Debug|Any CPU
		{2D31B5CA-5A3A-48BA-8CBB-F1683CD7FD44}.Debug|Any CPU.Build.0 = Debug|Any CPU
		{2D31B5CA-5A3A-48BA-8CBB-F1683CD7FD44}.Release|Any CPU.ActiveCfg = Release|Any CPU
		{2D31B5CA-5A3A-48BA-8CBB-F1683CD7FD44}.Release|Any CPU.Build.0 = Release|Any CPU
		{648CE391-9887-4902-824A-9005D6A3A27F}.Debug|Any CPU.ActiveCfg = Debug|Any CPU
		{648CE391-9887-4902-824A-9005D6A3A27F}.Debug|Any CPU.Build.0 = Debug|Any CPU
		{648CE391-9887-4902-824A-9005D6A3A27F}.Release|Any CPU.ActiveCfg = Release|Any CPU
		{648CE391-9887-4902-824A-9005D6A3A27F}.Release|Any CPU.Build.0 = Release|Any CPU
		{90BD5097-1A69-4A1A-A1C1-2B7FA8D52E4E}.Debug|Any CPU.ActiveCfg = Debug|Any CPU
		{90BD5097-1A69-4A1A-A1C1-2B7FA8D52E4E}.Debug|Any CPU.Build.0 = Debug|Any CPU
		{90BD5097-1A69-4A1A-A1C1-2B7FA8D52E4E}.Release|Any CPU.ActiveCfg = Release|Any CPU
		{90BD5097-1A69-4A1A-A1C1-2B7FA8D52E4E}.Release|Any CPU.Build.0 = Release|Any CPU
		{01D3F4E0-1FAC-42F8-B99F-9D39009C3001}.Debug|Any CPU.ActiveCfg = Debug|Any CPU
		{01D3F4E0-1FAC-42F8-B99F-9D39009C3001}.Debug|Any CPU.Build.0 = Debug|Any CPU
		{01D3F4E0-1FAC-42F8-B99F-9D39009C3001}.Release|Any CPU.ActiveCfg = Release|Any CPU
		{01D3F4E0-1FAC-42F8-B99F-9D39009C3001}.Release|Any CPU.Build.0 = Release|Any CPU
	EndGlobalSection
	GlobalSection(SolutionProperties) = preSolution
		HideSolutionNode = FALSE
	EndGlobalSection
	GlobalSection(NestedProjects) = preSolution
		{D9269E66-CAA5-41C2-B2F4-335AE3B7A23A} = {474B5F8C-4425-48DC-B694-A1A8B8C5269A}
		{2D31B5CA-5A3A-48BA-8CBB-F1683CD7FD44} = {FD16B579-7905-482D-8962-EF0F6CAF6060}
		{648CE391-9887-4902-824A-9005D6A3A27F} = {6591DEA7-6249-4921-8752-EAA055F959BA}
		{2708E55A-124A-4776-856B-7B2DA1F09DC5} = {FD16B579-7905-482D-8962-EF0F6CAF6060}
		{63FC49E7-F262-4C75-87A0-023E8BFD3CCD} = {474B5F8C-4425-48DC-B694-A1A8B8C5269A}
		{90BD5097-1A69-4A1A-A1C1-2B7FA8D52E4E} = {9C47C03C-57F5-4E58-A37C-0FDA129B0EBF}
		{9C47C03C-57F5-4E58-A37C-0FDA129B0EBF} = {2708E55A-124A-4776-856B-7B2DA1F09DC5}
		{6591DEA7-6249-4921-8752-EAA055F959BA} = {2708E55A-124A-4776-856B-7B2DA1F09DC5}
		{01D3F4E0-1FAC-42F8-B99F-9D39009C3001} = {9C47C03C-57F5-4E58-A37C-0FDA129B0EBF}
	EndGlobalSection
	GlobalSection(ExtensibilityGlobals) = postSolution
		SolutionGuid = {A618A726-1E6B-464A-BBC8-F32D630B61A5}
	EndGlobalSection
EndGlobal
